{
  "name": "PGY3121-008D-Caos-News",
  "lockfileVersion": 2,
  "requires": true,
  "packages": {
    "": {
      "dependencies": {
        "sweetalert2": "^11.4.13"
      }
    },
    "node_modules/sweetalert2": {
      "version": "11.4.13",
      "resolved": "https://registry.npmjs.org/sweetalert2/-/sweetalert2-11.4.13.tgz",
      "integrity": "sha512-xsz0r8DF0MXEIveThNaSva9Z3YPEPFrg5hP/Fpz1KgIFlh0Y07ZFyFyE/vamZjawo6T0r8EUtswqEoRykHPCnQ==",
      "funding": {
        "type": "individual",
        "url": "https://sweetalert2.github.io/#donations"
      }
    }
  },
  "dependencies": {
    "sweetalert2": {
      "version": "11.4.13",
      "resolved": "https://registry.npmjs.org/sweetalert2/-/sweetalert2-11.4.13.tgz",
      "integrity": "sha512-xsz0r8DF0MXEIveThNaSva9Z3YPEPFrg5hP/Fpz1KgIFlh0Y07ZFyFyE/vamZjawo6T0r8EUtswqEoRykHPCnQ=="
    }
  }
}
